
Microsoft Visual Studio Solution File, Format Version 12.00
# Visual Studio Version 17
VisualStudioVersion = 17.0.32014.148
MinimumVisualStudioVersion = 10.0.40219.1
Project("{FAE04EC0-301F-11D3-BF4B-00C04F79EFBC}") = "net_email", "net_email\net_email.csproj", "{D5C17038-4DBF-4FCB-979C-24DDA688E51B}"
EndProject
Project("{9A19103F-16F7-4668-BE54-9A1E7A4F7556}") = "aspnetcore_autofac", "aspnetcore_autofac\aspnetcore_autofac.csproj", "{30D28EF6-705E-4D59-9C30-53DAEEFF26A5}"
EndProject
Project("{9A19103F-16F7-4668-BE54-9A1E7A4F7556}") = "aspnetcore_docker", "aspnetcore_docker\aspnetcore_docker.csproj", "{176B0791-B6B7-46DC-9492-FECAD8C3353A}"
EndProject
Project("{FAE04EC0-301F-11D3-BF4B-00C04F79EFBC}") = "aspnet_stackexchange_exceptional", "aspnet_stackexchange_exceptional\aspnet_stackexchange_exceptional.csproj", "{F8ED658C-BE2A-48CB-8022-1ABBA5467753}"
EndProject
Project("{9A19103F-16F7-4668-BE54-9A1E7A4F7556}") = "aspnetcore_ioc", "aspnetcore_ioc\aspnetcore_ioc.csproj", "{CA841B55-6087-435B-BF53-D98AAE803FF2}"
EndProject
Project("{9A19103F-16F7-4668-BE54-9A1E7A4F7556}") = "aspnetcore_dynamic_web", "aspnetcore_dynamic_web\aspnetcore_dynamic_web.csproj", "{6A0A8AD8-EA13-4F49-A9CF-1484C8E9AA9E}"
EndProject
Project("{9A19103F-16F7-4668-BE54-9A1E7A4F7556}") = "netcore_ef", "netcore_ef\netcore_ef.csproj", "{4C74EE08-73F7-4EEC-A00C-8311AD4C1795}"
EndProject
Project("{9A19103F-16F7-4668-BE54-9A1E7A4F7556}") = "netcore_rabbitmq", "netcore_rabbitmq\netcore_rabbitmq.csproj", "{B86B54CB-5277-4EC4-8257-15ECDA9EAC8B}"
EndProject
Project("{9A19103F-16F7-4668-BE54-9A1E7A4F7556}") = "netcore_rabbitmq_consumer", "netcore_rabbitmq_consumer\netcore_rabbitmq_consumer.csproj", "{9C3461CA-5CE6-474A-AB2D-0B30AECFDEFC}"
EndProject
Project("{9A19103F-16F7-4668-BE54-9A1E7A4F7556}") = "netcore_codesmith", "netcore_codesmith\netcore_codesmith.csproj", "{8F0670AE-3C3A-4AC3-9F81-120313A41534}"
EndProject
Project("{9A19103F-16F7-4668-BE54-9A1E7A4F7556}") = "netcore_sample", "netcore_sample\netcore_sample.csproj", "{3AA31DA2-37C6-454C-9237-B41B1E6DBF29}"
EndProject
Project("{9A19103F-16F7-4668-BE54-9A1E7A4F7556}") = "aspnetcore_configuration", "aspnetcore_configuration\aspnetcore_configuration.csproj", "{2C8EB168-9912-4FEA-9D09-EE9B8D51A497}"
EndProject
Project("{2150E333-8FDC-42A3-9474-1A3956D46DE8}") = "sample", "sample", "{04FCF641-D991-4182-8FFF-EAF7405451E7}"
EndProject
Project("{2150E333-8FDC-42A3-9474-1A3956D46DE8}") = "onework", "onework", "{AABAF21D-F863-4341-9CAF-834D75310B2C}"
EndProject
Project("{9A19103F-16F7-4668-BE54-9A1E7A4F7556}") = "aspnetcore6_module", "aspnetcore6_module\aspnetcore6_module.csproj", "{7036E859-F423-4427-862A-583378193BDE}"
EndProject
Project("{9A19103F-16F7-4668-BE54-9A1E7A4F7556}") = "OneWork", "OneWork\OneWork.csproj", "{C2212AB5-E5BE-41F3-B531-868362807F90}"
EndProject
Project("{FAE04EC0-301F-11D3-BF4B-00C04F79EFBC}") = "aspnetcore6_web", "aspnetcore6_web\aspnetcore6_web.csproj", "{2769F7A9-3E80-47B0-9521-A3464603EFA0}"
EndProject
Project("{FAE04EC0-301F-11D3-BF4B-00C04F79EFBC}") = "aspnetcore6_webmvc", "aspnetcore6_webmvc\aspnetcore6_webmvc.csproj", "{409C1193-C12E-49AA-8E6B-325031DF8DBB}"
EndProject
Project("{FAE04EC0-301F-11D3-BF4B-00C04F79EFBC}") = "aspnetcore6_webapi", "aspnetcore6_webapi\aspnetcore6_webapi.csproj", "{C1F52B2E-C369-4731-A71B-2EAE5137E3A9}"
EndProject
Global
	GlobalSection(SolutionConfigurationPlatforms) = preSolution
		Debug|Any CPU = Debug|Any CPU
		Release|Any CPU = Release|Any CPU
	EndGlobalSection
	GlobalSection(ProjectConfigurationPlatforms) = postSolution
		{D5C17038-4DBF-4FCB-979C-24DDA688E51B}.Debug|Any CPU.ActiveCfg = Debug|Any CPU
		{D5C17038-4DBF-4FCB-979C-24DDA688E51B}.Debug|Any CPU.Build.0 = Debug|Any CPU
		{D5C17038-4DBF-4FCB-979C-24DDA688E51B}.Release|Any CPU.ActiveCfg = Release|Any CPU
		{D5C17038-4DBF-4FCB-979C-24DDA688E51B}.Release|Any CPU.Build.0 = Release|Any CPU
		{30D28EF6-705E-4D59-9C30-53DAEEFF26A5}.Debug|Any CPU.ActiveCfg = Debug|Any CPU
		{30D28EF6-705E-4D59-9C30-53DAEEFF26A5}.Debug|Any CPU.Build.0 = Debug|Any CPU
		{30D28EF6-705E-4D59-9C30-53DAEEFF26A5}.Release|Any CPU.ActiveCfg = Release|Any CPU
		{30D28EF6-705E-4D59-9C30-53DAEEFF26A5}.Release|Any CPU.Build.0 = Release|Any CPU
		{176B0791-B6B7-46DC-9492-FECAD8C3353A}.Debug|Any CPU.ActiveCfg = Debug|Any CPU
		{176B0791-B6B7-46DC-9492-FECAD8C3353A}.Debug|Any CPU.Build.0 = Debug|Any CPU
		{176B0791-B6B7-46DC-9492-FECAD8C3353A}.Release|Any CPU.ActiveCfg = Release|Any CPU
		{176B0791-B6B7-46DC-9492-FECAD8C3353A}.Release|Any CPU.Build.0 = Release|Any CPU
		{F8ED658C-BE2A-48CB-8022-1ABBA5467753}.Debug|Any CPU.ActiveCfg = Debug|Any CPU
		{F8ED658C-BE2A-48CB-8022-1ABBA5467753}.Debug|Any CPU.Build.0 = Debug|Any CPU
		{F8ED658C-BE2A-48CB-8022-1ABBA5467753}.Release|Any CPU.ActiveCfg = Release|Any CPU
		{F8ED658C-BE2A-48CB-8022-1ABBA5467753}.Release|Any CPU.Build.0 = Release|Any CPU
		{CA841B55-6087-435B-BF53-D98AAE803FF2}.Debug|Any CPU.ActiveCfg = Debug|Any CPU
		{CA841B55-6087-435B-BF53-D98AAE803FF2}.Debug|Any CPU.Build.0 = Debug|Any CPU
		{CA841B55-6087-435B-BF53-D98AAE803FF2}.Release|Any CPU.ActiveCfg = Release|Any CPU
		{CA841B55-6087-435B-BF53-D98AAE803FF2}.Release|Any CPU.Build.0 = Release|Any CPU
		{6A0A8AD8-EA13-4F49-A9CF-1484C8E9AA9E}.Debug|Any CPU.ActiveCfg = Debug|Any CPU
		{6A0A8AD8-EA13-4F49-A9CF-1484C8E9AA9E}.Debug|Any CPU.Build.0 = Debug|Any CPU
		{6A0A8AD8-EA13-4F49-A9CF-1484C8E9AA9E}.Release|Any CPU.ActiveCfg = Release|Any CPU
		{6A0A8AD8-EA13-4F49-A9CF-1484C8E9AA9E}.Release|Any CPU.Build.0 = Release|Any CPU
		{4C74EE08-73F7-4EEC-A00C-8311AD4C1795}.Debug|Any CPU.ActiveCfg = Debug|Any CPU
		{4C74EE08-73F7-4EEC-A00C-8311AD4C1795}.Debug|Any CPU.Build.0 = Debug|Any CPU
		{4C74EE08-73F7-4EEC-A00C-8311AD4C1795}.Release|Any CPU.ActiveCfg = Release|Any CPU
		{4C74EE08-73F7-4EEC-A00C-8311AD4C1795}.Release|Any CPU.Build.0 = Release|Any CPU
		{B86B54CB-5277-4EC4-8257-15ECDA9EAC8B}.Debug|Any CPU.ActiveCfg = Debug|Any CPU
		{B86B54CB-5277-4EC4-8257-15ECDA9EAC8B}.Debug|Any CPU.Build.0 = Debug|Any CPU
		{B86B54CB-5277-4EC4-8257-15ECDA9EAC8B}.Release|Any CPU.ActiveCfg = Release|Any CPU
		{B86B54CB-5277-4EC4-8257-15ECDA9EAC8B}.Release|Any CPU.Build.0 = Release|Any CPU
		{9C3461CA-5CE6-474A-AB2D-0B30AECFDEFC}.Debug|Any CPU.ActiveCfg = Debug|Any CPU
		{9C3461CA-5CE6-474A-AB2D-0B30AECFDEFC}.Debug|Any CPU.Build.0 = Debug|Any CPU
		{9C3461CA-5CE6-474A-AB2D-0B30AECFDEFC}.Release|Any CPU.ActiveCfg = Release|Any CPU
		{9C3461CA-5CE6-474A-AB2D-0B30AECFDEFC}.Release|Any CPU.Build.0 = Release|Any CPU
		{8F0670AE-3C3A-4AC3-9F81-120313A41534}.Debug|Any CPU.ActiveCfg = Debug|Any CPU
		{8F0670AE-3C3A-4AC3-9F81-120313A41534}.Debug|Any CPU.Build.0 = Debug|Any CPU
		{8F0670AE-3C3A-4AC3-9F81-120313A41534}.Release|Any CPU.ActiveCfg = Release|Any CPU
		{8F0670AE-3C3A-4AC3-9F81-120313A41534}.Release|Any CPU.Build.0 = Release|Any CPU
		{3AA31DA2-37C6-454C-9237-B41B1E6DBF29}.Debug|Any CPU.ActiveCfg = Debug|Any CPU
		{3AA31DA2-37C6-454C-9237-B41B1E6DBF29}.Debug|Any CPU.Build.0 = Debug|Any CPU
		{3AA31DA2-37C6-454C-9237-B41B1E6DBF29}.Release|Any CPU.ActiveCfg = Release|Any CPU
		{3AA31DA2-37C6-454C-9237-B41B1E6DBF29}.Release|Any CPU.Build.0 = Release|Any CPU
		{2C8EB168-9912-4FEA-9D09-EE9B8D51A497}.Debug|Any CPU.ActiveCfg = Debug|Any CPU
		{2C8EB168-9912-4FEA-9D09-EE9B8D51A497}.Debug|Any CPU.Build.0 = Debug|Any CPU
		{2C8EB168-9912-4FEA-9D09-EE9B8D51A497}.Release|Any CPU.ActiveCfg = Release|Any CPU
		{2C8EB168-9912-4FEA-9D09-EE9B8D51A497}.Release|Any CPU.Build.0 = Release|Any CPU
		{7036E859-F423-4427-862A-583378193BDE}.Debug|Any CPU.ActiveCfg = Debug|Any CPU
		{7036E859-F423-4427-862A-583378193BDE}.Debug|Any CPU.Build.0 = Debug|Any CPU
		{7036E859-F423-4427-862A-583378193BDE}.Release|Any CPU.ActiveCfg = Release|Any CPU
		{7036E859-F423-4427-862A-583378193BDE}.Release|Any CPU.Build.0 = Release|Any CPU
		{C2212AB5-E5BE-41F3-B531-868362807F90}.Debug|Any CPU.ActiveCfg = Debug|Any CPU
		{C2212AB5-E5BE-41F3-B531-868362807F90}.Debug|Any CPU.Build.0 = Debug|Any CPU
		{C2212AB5-E5BE-41F3-B531-868362807F90}.Release|Any CPU.ActiveCfg = Release|Any CPU
		{C2212AB5-E5BE-41F3-B531-868362807F90}.Release|Any CPU.Build.0 = Release|Any CPU
		{2769F7A9-3E80-47B0-9521-A3464603EFA0}.Debug|Any CPU.ActiveCfg = Debug|Any CPU
		{2769F7A9-3E80-47B0-9521-A3464603EFA0}.Debug|Any CPU.Build.0 = Debug|Any CPU
		{2769F7A9-3E80-47B0-9521-A3464603EFA0}.Release|Any CPU.ActiveCfg = Release|Any CPU
		{2769F7A9-3E80-47B0-9521-A3464603EFA0}.Release|Any CPU.Build.0 = Release|Any CPU
		{409C1193-C12E-49AA-8E6B-325031DF8DBB}.Debug|Any CPU.ActiveCfg = Debug|Any CPU
		{409C1193-C12E-49AA-8E6B-325031DF8DBB}.Debug|Any CPU.Build.0 = Debug|Any CPU
		{409C1193-C12E-49AA-8E6B-325031DF8DBB}.Release|Any CPU.ActiveCfg = Release|Any CPU
		{409C1193-C12E-49AA-8E6B-325031DF8DBB}.Release|Any CPU.Build.0 = Release|Any CPU
		{C1F52B2E-C369-4731-A71B-2EAE5137E3A9}.Debug|Any CPU.ActiveCfg = Debug|Any CPU
		{C1F52B2E-C369-4731-A71B-2EAE5137E3A9}.Debug|Any CPU.Build.0 = Debug|Any CPU
		{C1F52B2E-C369-4731-A71B-2EAE5137E3A9}.Release|Any CPU.ActiveCfg = Release|Any CPU
		{C1F52B2E-C369-4731-A71B-2EAE5137E3A9}.Release|Any CPU.Build.0 = Release|Any CPU
	EndGlobalSection
	GlobalSection(SolutionProperties) = preSolution
		HideSolutionNode = FALSE
	EndGlobalSection
	GlobalSection(NestedProjects) = preSolution
		{D5C17038-4DBF-4FCB-979C-24DDA688E51B} = {04FCF641-D991-4182-8FFF-EAF7405451E7}
		{30D28EF6-705E-4D59-9C30-53DAEEFF26A5} = {04FCF641-D991-4182-8FFF-EAF7405451E7}
		{176B0791-B6B7-46DC-9492-FECAD8C3353A} = {04FCF641-D991-4182-8FFF-EAF7405451E7}
		{F8ED658C-BE2A-48CB-8022-1ABBA5467753} = {04FCF641-D991-4182-8FFF-EAF7405451E7}
		{CA841B55-6087-435B-BF53-D98AAE803FF2} = {04FCF641-D991-4182-8FFF-EAF7405451E7}
		{6A0A8AD8-EA13-4F49-A9CF-1484C8E9AA9E} = {04FCF641-D991-4182-8FFF-EAF7405451E7}
		{4C74EE08-73F7-4EEC-A00C-8311AD4C1795} = {04FCF641-D991-4182-8FFF-EAF7405451E7}
		{B86B54CB-5277-4EC4-8257-15ECDA9EAC8B} = {04FCF641-D991-4182-8FFF-EAF7405451E7}
		{9C3461CA-5CE6-474A-AB2D-0B30AECFDEFC} = {04FCF641-D991-4182-8FFF-EAF7405451E7}
		{8F0670AE-3C3A-4AC3-9F81-120313A41534} = {04FCF641-D991-4182-8FFF-EAF7405451E7}
		{3AA31DA2-37C6-454C-9237-B41B1E6DBF29} = {04FCF641-D991-4182-8FFF-EAF7405451E7}
		{2C8EB168-9912-4FEA-9D09-EE9B8D51A497} = {04FCF641-D991-4182-8FFF-EAF7405451E7}
		{7036E859-F423-4427-862A-583378193BDE} = {04FCF641-D991-4182-8FFF-EAF7405451E7}
		{C2212AB5-E5BE-41F3-B531-868362807F90} = {AABAF21D-F863-4341-9CAF-834D75310B2C}
		{2769F7A9-3E80-47B0-9521-A3464603EFA0} = {04FCF641-D991-4182-8FFF-EAF7405451E7}
		{409C1193-C12E-49AA-8E6B-325031DF8DBB} = {04FCF641-D991-4182-8FFF-EAF7405451E7}
		{C1F52B2E-C369-4731-A71B-2EAE5137E3A9} = {04FCF641-D991-4182-8FFF-EAF7405451E7}
	EndGlobalSection
	GlobalSection(ExtensibilityGlobals) = postSolution
		SolutionGuid = {89F8EEE9-BDA3-47AD-8F8B-05446B2DA32E}
	EndGlobalSection
EndGlobal
