
Microsoft Visual Studio Solution File, Format Version 12.00
# Visual Studio Version 17
VisualStudioVersion = 17.0.32014.148
MinimumVisualStudioVersion = 10.0.40219.1
Project("{FAE04EC0-301F-11D3-BF4B-00C04F79EFBC}") = "net_email", "net_email\net_email.csproj", "{D5C17038-4DBF-4FCB-979C-24DDA688E51B}"
EndProject
Project("{FAE04EC0-301F-11D3-BF4B-00C04F79EFBC}") = "aspnet_stackexchange_exceptional", "aspnet_stackexchange_exceptional\aspnet_stackexchange_exceptional.csproj", "{F8ED658C-BE2A-48CB-8022-1ABBA5467753}"
EndProject
Project("{9A19103F-16F7-4668-BE54-9A1E7A4F7556}") = "aspnetcore_dynamic_web", "aspnetcore_dynamic_web\aspnetcore_dynamic_web.csproj", "{6A0A8AD8-EA13-4F49-A9CF-1484C8E9AA9E}"
EndProject
Project("{9A19103F-16F7-4668-BE54-9A1E7A4F7556}") = "netcore_ef", "netcore_ef\netcore_ef.csproj", "{4C74EE08-73F7-4EEC-A00C-8311AD4C1795}"
EndProject
Project("{9A19103F-16F7-4668-BE54-9A1E7A4F7556}") = "netcore_rabbitmq", "netcore_rabbitmq\netcore_rabbitmq.csproj", "{B86B54CB-5277-4EC4-8257-15ECDA9EAC8B}"
EndProject
Project("{9A19103F-16F7-4668-BE54-9A1E7A4F7556}") = "netcore_rabbitmq_consumer", "netcore_rabbitmq_consumer\netcore_rabbitmq_consumer.csproj", "{9C3461CA-5CE6-474A-AB2D-0B30AECFDEFC}"
EndProject
Project("{9A19103F-16F7-4668-BE54-9A1E7A4F7556}") = "netcore_codesmith", "netcore_codesmith\netcore_codesmith.csproj", "{8F0670AE-3C3A-4AC3-9F81-120313A41534}"
EndProject
Project("{9A19103F-16F7-4668-BE54-9A1E7A4F7556}") = "netcore_sample", "netcore_sample\netcore_sample.csproj", "{3AA31DA2-37C6-454C-9237-B41B1E6DBF29}"
EndProject
Project("{2150E333-8FDC-42A3-9474-1A3956D46DE8}") = "sample", "sample", "{04FCF641-D991-4182-8FFF-EAF7405451E7}"
EndProject
Project("{9A19103F-16F7-4668-BE54-9A1E7A4F7556}") = "aspnetcore6_abp_module", "aspnetcore6_abp_module\aspnetcore6_abp_module.csproj", "{C466402B-78B6-47B0-9A88-757754B886DE}"
EndProject
Project("{9A19103F-16F7-4668-BE54-9A1E7A4F7556}") = "aspnetcore6_module", "aspnetcore6_module\aspnetcore6_module.csproj", "{1F968650-67B2-4CD1-BA86-DEE9AB96A698}"
EndProject
Project("{2150E333-8FDC-42A3-9474-1A3956D46DE8}") = "Solution Items", "Solution Items", "{5EF56266-1C2B-433F-B4E1-6279B0BF612F}"
	ProjectSection(SolutionItems) = preProject
		.editorconfig = .editorconfig
	EndProjectSection
EndProject
Project("{2150E333-8FDC-42A3-9474-1A3956D46DE8}") = "common", "common", "{AB8BFB14-A583-47E3-AB70-5790689CE83B}"
EndProject
Project("{9A19103F-16F7-4668-BE54-9A1E7A4F7556}") = "onework", "onework\onework.csproj", "{30566F20-B9C6-4A72-B461-33400261A112}"
EndProject
Project("{9A19103F-16F7-4668-BE54-9A1E7A4F7556}") = "aspnetcore6_sample", "aspnetcore6_sample\aspnetcore6_sample.csproj", "{33AD16DA-8F99-48DC-B922-214E129916F5}"
EndProject
Project("{9A19103F-16F7-4668-BE54-9A1E7A4F7556}") = "aspnetcore6_autofac", "aspnetcore6_autofac\aspnetcore6_autofac.csproj", "{1BF6165E-0EAF-4FB1-B928-0D5BAC8202D2}"
EndProject
Project("{9A19103F-16F7-4668-BE54-9A1E7A4F7556}") = "netcore6_autofac", "netcore6_autofac\netcore6_autofac.csproj", "{0D5863ED-CB80-4191-B91A-CF7188C07213}"
EndProject
Project("{9A19103F-16F7-4668-BE54-9A1E7A4F7556}") = "netcore_design_patterns", "netcore_design_patterns\netcore_design_patterns.csproj", "{8A408E47-8C7C-47F9-B80F-4FD003CB1413}"
EndProject
Project("{9A19103F-16F7-4668-BE54-9A1E7A4F7556}") = "netcore6_process", "netcore6_process\netcore6_process.csproj", "{92A3503B-2903-4D57-88D0-9BE0FD8DF176}"
EndProject
Project("{9A19103F-16F7-4668-BE54-9A1E7A4F7556}") = "netcore6_automapper", "netcore6_automapper\netcore6_automapper.csproj", "{509D9A79-F772-4413-872B-9BC73E133AB3}"
EndProject
Global
	GlobalSection(SolutionConfigurationPlatforms) = preSolution
		Debug|Any CPU = Debug|Any CPU
		Release|Any CPU = Release|Any CPU
	EndGlobalSection
	GlobalSection(ProjectConfigurationPlatforms) = postSolution
		{D5C17038-4DBF-4FCB-979C-24DDA688E51B}.Debug|Any CPU.ActiveCfg = Debug|Any CPU
		{D5C17038-4DBF-4FCB-979C-24DDA688E51B}.Debug|Any CPU.Build.0 = Debug|Any CPU
		{D5C17038-4DBF-4FCB-979C-24DDA688E51B}.Release|Any CPU.ActiveCfg = Release|Any CPU
		{D5C17038-4DBF-4FCB-979C-24DDA688E51B}.Release|Any CPU.Build.0 = Release|Any CPU
		{F8ED658C-BE2A-48CB-8022-1ABBA5467753}.Debug|Any CPU.ActiveCfg = Debug|Any CPU
		{F8ED658C-BE2A-48CB-8022-1ABBA5467753}.Debug|Any CPU.Build.0 = Debug|Any CPU
		{F8ED658C-BE2A-48CB-8022-1ABBA5467753}.Release|Any CPU.ActiveCfg = Release|Any CPU
		{F8ED658C-BE2A-48CB-8022-1ABBA5467753}.Release|Any CPU.Build.0 = Release|Any CPU
		{6A0A8AD8-EA13-4F49-A9CF-1484C8E9AA9E}.Debug|Any CPU.ActiveCfg = Debug|Any CPU
		{6A0A8AD8-EA13-4F49-A9CF-1484C8E9AA9E}.Debug|Any CPU.Build.0 = Debug|Any CPU
		{6A0A8AD8-EA13-4F49-A9CF-1484C8E9AA9E}.Release|Any CPU.ActiveCfg = Release|Any CPU
		{6A0A8AD8-EA13-4F49-A9CF-1484C8E9AA9E}.Release|Any CPU.Build.0 = Release|Any CPU
		{4C74EE08-73F7-4EEC-A00C-8311AD4C1795}.Debug|Any CPU.ActiveCfg = Debug|Any CPU
		{4C74EE08-73F7-4EEC-A00C-8311AD4C1795}.Debug|Any CPU.Build.0 = Debug|Any CPU
		{4C74EE08-73F7-4EEC-A00C-8311AD4C1795}.Release|Any CPU.ActiveCfg = Release|Any CPU
		{4C74EE08-73F7-4EEC-A00C-8311AD4C1795}.Release|Any CPU.Build.0 = Release|Any CPU
		{B86B54CB-5277-4EC4-8257-15ECDA9EAC8B}.Debug|Any CPU.ActiveCfg = Debug|Any CPU
		{B86B54CB-5277-4EC4-8257-15ECDA9EAC8B}.Debug|Any CPU.Build.0 = Debug|Any CPU
		{B86B54CB-5277-4EC4-8257-15ECDA9EAC8B}.Release|Any CPU.ActiveCfg = Release|Any CPU
		{B86B54CB-5277-4EC4-8257-15ECDA9EAC8B}.Release|Any CPU.Build.0 = Release|Any CPU
		{9C3461CA-5CE6-474A-AB2D-0B30AECFDEFC}.Debug|Any CPU.ActiveCfg = Debug|Any CPU
		{9C3461CA-5CE6-474A-AB2D-0B30AECFDEFC}.Debug|Any CPU.Build.0 = Debug|Any CPU
		{9C3461CA-5CE6-474A-AB2D-0B30AECFDEFC}.Release|Any CPU.ActiveCfg = Release|Any CPU
		{9C3461CA-5CE6-474A-AB2D-0B30AECFDEFC}.Release|Any CPU.Build.0 = Release|Any CPU
		{8F0670AE-3C3A-4AC3-9F81-120313A41534}.Debug|Any CPU.ActiveCfg = Debug|Any CPU
		{8F0670AE-3C3A-4AC3-9F81-120313A41534}.Debug|Any CPU.Build.0 = Debug|Any CPU
		{8F0670AE-3C3A-4AC3-9F81-120313A41534}.Release|Any CPU.ActiveCfg = Release|Any CPU
		{8F0670AE-3C3A-4AC3-9F81-120313A41534}.Release|Any CPU.Build.0 = Release|Any CPU
		{3AA31DA2-37C6-454C-9237-B41B1E6DBF29}.Debug|Any CPU.ActiveCfg = Debug|Any CPU
		{3AA31DA2-37C6-454C-9237-B41B1E6DBF29}.Debug|Any CPU.Build.0 = Debug|Any CPU
		{3AA31DA2-37C6-454C-9237-B41B1E6DBF29}.Release|Any CPU.ActiveCfg = Release|Any CPU
		{3AA31DA2-37C6-454C-9237-B41B1E6DBF29}.Release|Any CPU.Build.0 = Release|Any CPU
		{C466402B-78B6-47B0-9A88-757754B886DE}.Debug|Any CPU.ActiveCfg = Debug|Any CPU
		{C466402B-78B6-47B0-9A88-757754B886DE}.Debug|Any CPU.Build.0 = Debug|Any CPU
		{C466402B-78B6-47B0-9A88-757754B886DE}.Release|Any CPU.ActiveCfg = Release|Any CPU
		{C466402B-78B6-47B0-9A88-757754B886DE}.Release|Any CPU.Build.0 = Release|Any CPU
		{1F968650-67B2-4CD1-BA86-DEE9AB96A698}.Debug|Any CPU.ActiveCfg = Debug|Any CPU
		{1F968650-67B2-4CD1-BA86-DEE9AB96A698}.Debug|Any CPU.Build.0 = Debug|Any CPU
		{1F968650-67B2-4CD1-BA86-DEE9AB96A698}.Release|Any CPU.ActiveCfg = Release|Any CPU
		{1F968650-67B2-4CD1-BA86-DEE9AB96A698}.Release|Any CPU.Build.0 = Release|Any CPU
		{30566F20-B9C6-4A72-B461-33400261A112}.Debug|Any CPU.ActiveCfg = Debug|Any CPU
		{30566F20-B9C6-4A72-B461-33400261A112}.Debug|Any CPU.Build.0 = Debug|Any CPU
		{30566F20-B9C6-4A72-B461-33400261A112}.Release|Any CPU.ActiveCfg = Release|Any CPU
		{30566F20-B9C6-4A72-B461-33400261A112}.Release|Any CPU.Build.0 = Release|Any CPU
		{33AD16DA-8F99-48DC-B922-214E129916F5}.Debug|Any CPU.ActiveCfg = Debug|Any CPU
		{33AD16DA-8F99-48DC-B922-214E129916F5}.Debug|Any CPU.Build.0 = Debug|Any CPU
		{33AD16DA-8F99-48DC-B922-214E129916F5}.Release|Any CPU.ActiveCfg = Release|Any CPU
		{33AD16DA-8F99-48DC-B922-214E129916F5}.Release|Any CPU.Build.0 = Release|Any CPU
		{1BF6165E-0EAF-4FB1-B928-0D5BAC8202D2}.Debug|Any CPU.ActiveCfg = Debug|Any CPU
		{1BF6165E-0EAF-4FB1-B928-0D5BAC8202D2}.Debug|Any CPU.Build.0 = Debug|Any CPU
		{1BF6165E-0EAF-4FB1-B928-0D5BAC8202D2}.Release|Any CPU.ActiveCfg = Release|Any CPU
		{1BF6165E-0EAF-4FB1-B928-0D5BAC8202D2}.Release|Any CPU.Build.0 = Release|Any CPU
		{0D5863ED-CB80-4191-B91A-CF7188C07213}.Debug|Any CPU.ActiveCfg = Debug|Any CPU
		{0D5863ED-CB80-4191-B91A-CF7188C07213}.Debug|Any CPU.Build.0 = Debug|Any CPU
		{0D5863ED-CB80-4191-B91A-CF7188C07213}.Release|Any CPU.ActiveCfg = Release|Any CPU
		{0D5863ED-CB80-4191-B91A-CF7188C07213}.Release|Any CPU.Build.0 = Release|Any CPU
		{8A408E47-8C7C-47F9-B80F-4FD003CB1413}.Debug|Any CPU.ActiveCfg = Debug|Any CPU
		{8A408E47-8C7C-47F9-B80F-4FD003CB1413}.Debug|Any CPU.Build.0 = Debug|Any CPU
		{8A408E47-8C7C-47F9-B80F-4FD003CB1413}.Release|Any CPU.ActiveCfg = Release|Any CPU
		{8A408E47-8C7C-47F9-B80F-4FD003CB1413}.Release|Any CPU.Build.0 = Release|Any CPU
		{92A3503B-2903-4D57-88D0-9BE0FD8DF176}.Debug|Any CPU.ActiveCfg = Debug|Any CPU
		{92A3503B-2903-4D57-88D0-9BE0FD8DF176}.Debug|Any CPU.Build.0 = Debug|Any CPU
		{92A3503B-2903-4D57-88D0-9BE0FD8DF176}.Release|Any CPU.ActiveCfg = Release|Any CPU
		{92A3503B-2903-4D57-88D0-9BE0FD8DF176}.Release|Any CPU.Build.0 = Release|Any CPU
		{509D9A79-F772-4413-872B-9BC73E133AB3}.Debug|Any CPU.ActiveCfg = Debug|Any CPU
		{509D9A79-F772-4413-872B-9BC73E133AB3}.Debug|Any CPU.Build.0 = Debug|Any CPU
		{509D9A79-F772-4413-872B-9BC73E133AB3}.Release|Any CPU.ActiveCfg = Release|Any CPU
		{509D9A79-F772-4413-872B-9BC73E133AB3}.Release|Any CPU.Build.0 = Release|Any CPU
	EndGlobalSection
	GlobalSection(SolutionProperties) = preSolution
		HideSolutionNode = FALSE
	EndGlobalSection
	GlobalSection(NestedProjects) = preSolution
		{D5C17038-4DBF-4FCB-979C-24DDA688E51B} = {04FCF641-D991-4182-8FFF-EAF7405451E7}
		{F8ED658C-BE2A-48CB-8022-1ABBA5467753} = {04FCF641-D991-4182-8FFF-EAF7405451E7}
		{6A0A8AD8-EA13-4F49-A9CF-1484C8E9AA9E} = {04FCF641-D991-4182-8FFF-EAF7405451E7}
		{4C74EE08-73F7-4EEC-A00C-8311AD4C1795} = {04FCF641-D991-4182-8FFF-EAF7405451E7}
		{B86B54CB-5277-4EC4-8257-15ECDA9EAC8B} = {04FCF641-D991-4182-8FFF-EAF7405451E7}
		{9C3461CA-5CE6-474A-AB2D-0B30AECFDEFC} = {04FCF641-D991-4182-8FFF-EAF7405451E7}
		{8F0670AE-3C3A-4AC3-9F81-120313A41534} = {04FCF641-D991-4182-8FFF-EAF7405451E7}
		{3AA31DA2-37C6-454C-9237-B41B1E6DBF29} = {04FCF641-D991-4182-8FFF-EAF7405451E7}
		{C466402B-78B6-47B0-9A88-757754B886DE} = {04FCF641-D991-4182-8FFF-EAF7405451E7}
		{1F968650-67B2-4CD1-BA86-DEE9AB96A698} = {04FCF641-D991-4182-8FFF-EAF7405451E7}
		{30566F20-B9C6-4A72-B461-33400261A112} = {AB8BFB14-A583-47E3-AB70-5790689CE83B}
		{33AD16DA-8F99-48DC-B922-214E129916F5} = {04FCF641-D991-4182-8FFF-EAF7405451E7}
		{1BF6165E-0EAF-4FB1-B928-0D5BAC8202D2} = {04FCF641-D991-4182-8FFF-EAF7405451E7}
		{0D5863ED-CB80-4191-B91A-CF7188C07213} = {04FCF641-D991-4182-8FFF-EAF7405451E7}
		{8A408E47-8C7C-47F9-B80F-4FD003CB1413} = {04FCF641-D991-4182-8FFF-EAF7405451E7}
		{92A3503B-2903-4D57-88D0-9BE0FD8DF176} = {04FCF641-D991-4182-8FFF-EAF7405451E7}
		{509D9A79-F772-4413-872B-9BC73E133AB3} = {04FCF641-D991-4182-8FFF-EAF7405451E7}
	EndGlobalSection
	GlobalSection(ExtensibilityGlobals) = postSolution
		SolutionGuid = {89F8EEE9-BDA3-47AD-8F8B-05446B2DA32E}
	EndGlobalSection
EndGlobal
